// !$*UTF8*$!
{
	archiveVersion = 1;
	classes = {
	};
	objectVersion = 56;
	objects = {

/* Begin PBXBuildFile section */
		4B9AEA7F2CF384ED00EB452F /* SimpleTipApp.swift in Sources */ = {isa = PBXBuildFile; fileRef = 4B9AEA7E2CF384ED00EB452F /* SimpleTipApp.swift */; };
		4B9AEA812CF384ED00EB452F /* ContentView.swift in Sources */ = {isa = PBXBuildFile; fileRef = 4B9AEA802CF384ED00EB452F /* ContentView.swift */; };
		4B9AEA832CF384EF00EB452F /* Assets.xcassets in Resources */ = {isa = PBXBuildFile; fileRef = 4B9AEA822CF384EF00EB452F /* Assets.xcassets */; };
		4B9AEA862CF384EF00EB452F /* Preview Assets.xcassets in Resources */ = {isa = PBXBuildFile; fileRef = 4B9AEA852CF384EF00EB452F /* Preview Assets.xcassets */; };
		4B9AEA902CF384EF00EB452F /* SimpleTipTests.swift in Sources */ = {isa = PBXBuildFile; fileRef = 4B9AEA8F2CF384EF00EB452F /* SimpleTipTests.swift */; };
		4B9AEA9A2CF384EF00EB452F /* SimpleTipUITests.swift in Sources */ = {isa = PBXBuildFile; fileRef = 4B9AEA992CF384EF00EB452F /* SimpleTipUITests.swift */; };
		4B9AEA9C2CF384EF00EB452F /* SimpleTipUITestsLaunchTests.swift in Sources */ = {isa = PBXBuildFile; fileRef = 4B9AEA9B2CF384EF00EB452F /* SimpleTipUITestsLaunchTests.swift */; };
/* End PBXBuildFile section */

/* Begin PBXContainerItemProxy section */
		4B9AEA8C2CF384EF00EB452F /* PBXContainerItemProxy */ = {
			isa = PBXContainerItemProxy;
			containerPortal = 4B9AEA732CF384ED00EB452F /* Project object */;
			proxyType = 1;
			remoteGlobalIDString = 4B9AEA7A2CF384ED00EB452F;
			remoteInfo = SimpleTip;
		};
		4B9AEA962CF384EF00EB452F /* PBXContainerItemProxy */ = {
			isa = PBXContainerItemProxy;
			containerPortal = 4B9AEA732CF384ED00EB452F /* Project object */;
			proxyType = 1;
			remoteGlobalIDString = 4B9AEA7A2CF384ED00EB452F;
			remoteInfo = SimpleTip;
		};
/* End PBXContainerItemProxy section */

/* Begin PBXFileReference section */
		4B9AEA7B2CF384ED00EB452F /* SimpleTip.app */ = {isa = PBXFileReference; explicitFileType = wrapper.application; includeInIndex = 0; path = SimpleTip.app; sourceTree = BUILT_PRODUCTS_DIR; };
		4B9AEA7E2CF384ED00EB452F /* SimpleTipApp.swift */ = {isa = PBXFileReference; lastKnownFileType = sourcecode.swift; path = SimpleTipApp.swift; sourceTree = "<group>"; };
		4B9AEA802CF384ED00EB452F /* ContentView.swift */ = {isa = PBXFileReference; lastKnownFileType = sourcecode.swift; path = ContentView.swift; sourceTree = "<group>"; };
		4B9AEA822CF384EF00EB452F /* Assets.xcassets */ = {isa = PBXFileReference; lastKnownFileType = folder.assetcatalog; path = Assets.xcassets; sourceTree = "<group>"; };
		4B9AEA852CF384EF00EB452F /* Preview Assets.xcassets */ = {isa = PBXFileReference; lastKnownFileType = folder.assetcatalog; path = "Preview Assets.xcassets"; sourceTree = "<group>"; };
		4B9AEA8B2CF384EF00EB452F /* SimpleTipTests.xctest */ = {isa = PBXFileReference; explicitFileType = wrapper.cfbundle; includeInIndex = 0; path = SimpleTipTests.xctest; sourceTree = BUILT_PRODUCTS_DIR; };
		4B9AEA8F2CF384EF00EB452F /* SimpleTipTests.swift */ = {isa = PBXFileReference; lastKnownFileType = sourcecode.swift; path = SimpleTipTests.swift; sourceTree = "<group>"; };
		4B9AEA952CF384EF00EB452F /* SimpleTipUITests.xctest */ = {isa = PBXFileReference; explicitFileType = wrapper.cfbundle; includeInIndex = 0; path = SimpleTipUITests.xctest; sourceTree = BUILT_PRODUCTS_DIR; };
		4B9AEA992CF384EF00EB452F /* SimpleTipUITests.swift */ = {isa = PBXFileReference; lastKnownFileType = sourcecode.swift; path = SimpleTipUITests.swift; sourceTree = "<group>"; };
		4B9AEA9B2CF384EF00EB452F /* SimpleTipUITestsLaunchTests.swift */ = {isa = PBXFileReference; lastKnownFileType = sourcecode.swift; path = SimpleTipUITestsLaunchTests.swift; sourceTree = "<group>"; };
/* End PBXFileReference section */

/* Begin PBXFrameworksBuildPhase section */
		4B9AEA782CF384ED00EB452F /* Frameworks */ = {
			isa = PBXFrameworksBuildPhase;
			buildActionMask = 2147483647;
			files = (
			);
			runOnlyForDeploymentPostprocessing = 0;
		};
		4B9AEA882CF384EF00EB452F /* Frameworks */ = {
			isa = PBXFrameworksBuildPhase;
			buildActionMask = 2147483647;
			files = (
			);
			runOnlyForDeploymentPostprocessing = 0;
		};
		4B9AEA922CF384EF00EB452F /* Frameworks */ = {
			isa = PBXFrameworksBuildPhase;
			buildActionMask = 2147483647;
			files = (
			);
			runOnlyForDeploymentPostprocessing = 0;
		};
/* End PBXFrameworksBuildPhase section */

/* Begin PBXGroup section */
		4B9AEA722CF384ED00EB452F = {
			isa = PBXGroup;
			children = (
				4B9AEA7D2CF384ED00EB452F /* SimpleTip */,
				4B9AEA8E2CF384EF00EB452F /* SimpleTipTests */,
				4B9AEA982CF384EF00EB452F /* SimpleTipUITests */,
				4B9AEA7C2CF384ED00EB452F /* Products */,
			);
			sourceTree = "<group>";
		};
		4B9AEA7C2CF384ED00EB452F /* Products */ = {
			isa = PBXGroup;
			children = (
				4B9AEA7B2CF384ED00EB452F /* SimpleTip.app */,
				4B9AEA8B2CF384EF00EB452F /* SimpleTipTests.xctest */,
				4B9AEA952CF384EF00EB452F /* SimpleTipUITests.xctest */,
			);
			name = Products;
			sourceTree = "<group>";
		};
		4B9AEA7D2CF384ED00EB452F /* SimpleTip */ = {
			isa = PBXGroup;
			children = (
				4B9AEA7E2CF384ED00EB452F /* SimpleTipApp.swift */,
				4B9AEA802CF384ED00EB452F /* ContentView.swift */,
				4B9AEA822CF384EF00EB452F /* Assets.xcassets */,
				4B9AEA842CF384EF00EB452F /* Preview Content */,
			);
			path = SimpleTip;
			sourceTree = "<group>";
		};
		4B9AEA842CF384EF00EB452F /* Preview Content */ = {
			isa = PBXGroup;
			children = (
				4B9AEA852CF384EF00EB452F /* Preview Assets.xcassets */,
			);
			path = "Preview Content";
			sourceTree = "<group>";
		};
		4B9AEA8E2CF384EF00EB452F /* SimpleTipTests */ = {
			isa = PBXGroup;
			children = (
				4B9AEA8F2CF384EF00EB452F /* SimpleTipTests.swift */,
			);
			path = SimpleTipTests;
			sourceTree = "<group>";
		};
		4B9AEA982CF384EF00EB452F /* SimpleTipUITests */ = {
			isa = PBXGroup;
			children = (
				4B9AEA992CF384EF00EB452F /* SimpleTipUITests.swift */,
				4B9AEA9B2CF384EF00EB452F /* SimpleTipUITestsLaunchTests.swift */,
			);
			path = SimpleTipUITests;
			sourceTree = "<group>";
		};
/* End PBXGroup section */

/* Begin PBXNativeTarget section */
		4B9AEA7A2CF384ED00EB452F /* SimpleTip */ = {
			isa = PBXNativeTarget;
			buildConfigurationList = 4B9AEA9F2CF384EF00EB452F /* Build configuration list for PBXNativeTarget "SimpleTip" */;
			buildPhases = (
				4B9AEA772CF384ED00EB452F /* Sources */,
				4B9AEA782CF384ED00EB452F /* Frameworks */,
				4B9AEA792CF384ED00EB452F /* Resources */,
			);
			buildRules = (
			);
			dependencies = (
			);
			name = SimpleTip;
			productName = SimpleTip;
			productReference = 4B9AEA7B2CF384ED00EB452F /* SimpleTip.app */;
			productType = "com.apple.product-type.application";
		};
		4B9AEA8A2CF384EF00EB452F /* SimpleTipTests */ = {
			isa = PBXNativeTarget;
			buildConfigurationList = 4B9AEAA22CF384EF00EB452F /* Build configuration list for PBXNativeTarget "SimpleTipTests" */;
			buildPhases = (
				4B9AEA872CF384EF00EB452F /* Sources */,
				4B9AEA882CF384EF00EB452F /* Frameworks */,
				4B9AEA892CF384EF00EB452F /* Resources */,
			);
			buildRules = (
			);
			dependencies = (
				4B9AEA8D2CF384EF00EB452F /* PBXTargetDependency */,
			);
			name = SimpleTipTests;
			productName = SimpleTipTests;
			productReference = 4B9AEA8B2CF384EF00EB452F /* SimpleTipTests.xctest */;
			productType = "com.apple.product-type.bundle.unit-test";
		};
		4B9AEA942CF384EF00EB452F /* SimpleTipUITests */ = {
			isa = PBXNativeTarget;
			buildConfigurationList = 4B9AEAA52CF384EF00EB452F /* Build configuration list for PBXNativeTarget "SimpleTipUITests" */;
			buildPhases = (
				4B9AEA912CF384EF00EB452F /* Sources */,
				4B9AEA922CF384EF00EB452F /* Frameworks */,
				4B9AEA932CF384EF00EB452F /* Resources */,
			);
			buildRules = (
			);
			dependencies = (
				4B9AEA972CF384EF00EB452F /* PBXTargetDependency */,
			);
			name = SimpleTipUITests;
			productName = SimpleTipUITests;
			productReference = 4B9AEA952CF384EF00EB452F /* SimpleTipUITests.xctest */;
			productType = "com.apple.product-type.bundle.ui-testing";
		};
/* End PBXNativeTarget section */

/* Begin PBXProject section */
		4B9AEA732CF384ED00EB452F /* Project object */ = {
			isa = PBXProject;
			attributes = {
				BuildIndependentTargetsInParallel = 1;
				LastSwiftUpdateCheck = 1540;
				LastUpgradeCheck = 1540;
				TargetAttributes = {
					4B9AEA7A2CF384ED00EB452F = {
						CreatedOnToolsVersion = 15.4;
					};
					4B9AEA8A2CF384EF00EB452F = {
						CreatedOnToolsVersion = 15.4;
						TestTargetID = 4B9AEA7A2CF384ED00EB452F;
					};
					4B9AEA942CF384EF00EB452F = {
						CreatedOnToolsVersion = 15.4;
						TestTargetID = 4B9AEA7A2CF384ED00EB452F;
					};
				};
			};
			buildConfigurationList = 4B9AEA762CF384ED00EB452F /* Build configuration list for PBXProject "SimpleTip" */;
			compatibilityVersion = "Xcode 14.0";
			developmentRegion = en;
			hasScannedForEncodings = 0;
			knownRegions = (
				en,
				Base,
			);
			mainGroup = 4B9AEA722CF384ED00EB452F;
			productRefGroup = 4B9AEA7C2CF384ED00EB452F /* Products */;
			projectDirPath = "";
			projectRoot = "";
			targets = (
				4B9AEA7A2CF384ED00EB452F /* SimpleTip */,
				4B9AEA8A2CF384EF00EB452F /* SimpleTipTests */,
				4B9AEA942CF384EF00EB452F /* SimpleTipUITests */,
			);
		};
/* End PBXProject section */

/* Begin PBXResourcesBuildPhase section */
		4B9AEA792CF384ED00EB452F /* Resources */ = {
			isa = PBXResourcesBuildPhase;
			buildActionMask = 2147483647;
			files = (
				4B9AEA862CF384EF00EB452F /* Preview Assets.xcassets in Resources */,
				4B9AEA832CF384EF00EB452F /* Assets.xcassets in Resources */,
			);
			runOnlyForDeploymentPostprocessing = 0;
		};
		4B9AEA892CF384EF00EB452F /* Resources */ = {
			isa = PBXResourcesBuildPhase;
			buildActionMask = 2147483647;
			files = (
			);
			runOnlyForDeploymentPostprocessing = 0;
		};
		4B9AEA932CF384EF00EB452F /* Resources */ = {
			isa = PBXResourcesBuildPhase;
			buildActionMask = 2147483647;
			files = (
			);
			runOnlyForDeploymentPostprocessing = 0;
		};
/* End PBXResourcesBuildPhase section */

/* Begin PBXSourcesBuildPhase section */
		4B9AEA772CF384ED00EB452F /* Sources */ = {
			isa = PBXSourcesBuildPhase;
			buildActionMask = 2147483647;
			files = (
				4B9AEA812CF384ED00EB452F /* ContentView.swift in Sources */,
				4B9AEA7F2CF384ED00EB452F /* SimpleTipApp.swift in Sources */,
			);
			runOnlyForDeploymentPostprocessing = 0;
		};
		4B9AEA872CF384EF00EB452F /* Sources */ = {
			isa = PBXSourcesBuildPhase;
			buildActionMask = 2147483647;
			files = (
				4B9AEA902CF384EF00EB452F /* SimpleTipTests.swift in Sources */,
			);
			runOnlyForDeploymentPostprocessing = 0;
		};
		4B9AEA912CF384EF00EB452F /* Sources */ = {
			isa = PBXSourcesBuildPhase;
			buildActionMask = 2147483647;
			files = (
				4B9AEA9C2CF384EF00EB452F /* SimpleTipUITestsLaunchTests.swift in Sources */,
				4B9AEA9A2CF384EF00EB452F /* SimpleTipUITests.swift in Sources */,
			);
			runOnlyForDeploymentPostprocessing = 0;
		};
/* End PBXSourcesBuildPhase section */

/* Begin PBXTargetDependency section */
		4B9AEA8D2CF384EF00EB452F /* PBXTargetDependency */ = {
			isa = PBXTargetDependency;
			target = 4B9AEA7A2CF384ED00EB452F /* SimpleTip */;
			targetProxy = 4B9AEA8C2CF384EF00EB452F /* PBXContainerItemProxy */;
		};
		4B9AEA972CF384EF00EB452F /* PBXTargetDependency */ = {
			isa = PBXTargetDependency;
			target = 4B9AEA7A2CF384ED00EB452F /* SimpleTip */;
			targetProxy = 4B9AEA962CF384EF00EB452F /* PBXContainerItemProxy */;
		};
/* End PBXTargetDependency section */

/* Begin XCBuildConfiguration section */
		4B9AEA9D2CF384EF00EB452F /* Debug */ = {
			isa = XCBuildConfiguration;
			buildSettings = {
				ALWAYS_SEARCH_USER_PATHS = NO;
				ASSETCATALOG_COMPILER_GENERATE_SWIFT_ASSET_SYMBOL_EXTENSIONS = YES;
				CLANG_ANALYZER_NONNULL = YES;
				CLANG_ANALYZER_NUMBER_OBJECT_CONVERSION = YES_AGGRESSIVE;
				CLANG_CXX_LANGUAGE_STANDARD = "gnu++20";
				CLANG_ENABLE_MODULES = YES;
				CLANG_ENABLE_OBJC_ARC = YES;
				CLANG_ENABLE_OBJC_WEAK = YES;
				CLANG_WARN_BLOCK_CAPTURE_AUTORELEASING = YES;
				CLANG_WARN_BOOL_CONVERSION = YES;
				CLANG_WARN_COMMA = YES;
				CLANG_WARN_CONSTANT_CONVERSION = YES;
				CLANG_WARN_DEPRECATED_OBJC_IMPLEMENTATIONS = YES;
				CLANG_WARN_DIRECT_OBJC_ISA_USAGE = YES_ERROR;
				CLANG_WARN_DOCUMENTATION_COMMENTS = YES;
				CLANG_WARN_EMPTY_BODY = YES;
				CLANG_WARN_ENUM_CONVERSION = YES;
				CLANG_WARN_INFINITE_RECURSION = YES;
				CLANG_WARN_INT_CONVERSION = YES;
				CLANG_WARN_NON_LITERAL_NULL_CONVERSION = YES;
				CLANG_WARN_OBJC_IMPLICIT_RETAIN_SELF = YES;
				CLANG_WARN_OBJC_LITERAL_CONVERSION = YES;
				CLANG_WARN_OBJC_ROOT_CLASS = YES_ERROR;
				CLANG_WARN_QUOTED_INCLUDE_IN_FRAMEWORK_HEADER = YES;
				CLANG_WARN_RANGE_LOOP_ANALYSIS = YES;
				CLANG_WARN_STRICT_PROTOTYPES = YES;
				CLANG_WARN_SUSPICIOUS_MOVE = YES;
				CLANG_WARN_UNGUARDED_AVAILABILITY = YES_AGGRESSIVE;
				CLANG_WARN_UNREACHABLE_CODE = YES;
				CLANG_WARN__DUPLICATE_METHOD_MATCH = YES;
				COPY_PHASE_STRIP = NO;
				DEBUG_INFORMATION_FORMAT = dwarf;
				ENABLE_STRICT_OBJC_MSGSEND = YES;
				ENABLE_TESTABILITY = YES;
				ENABLE_USER_SCRIPT_SANDBOXING = YES;
				GCC_C_LANGUAGE_STANDARD = gnu17;
				GCC_DYNAMIC_NO_PIC = NO;
				GCC_NO_COMMON_BLOCKS = YES;
				GCC_OPTIMIZATION_LEVEL = 0;
				GCC_PREPROCESSOR_DEFINITIONS = (
					"DEBUG=1",
					"$(inherited)",
				);
				GCC_WARN_64_TO_32_BIT_CONVERSION = YES;
				GCC_WARN_ABOUT_RETURN_TYPE = YES_ERROR;
				GCC_WARN_UNDECLARED_SELECTOR = YES;
				GCC_WARN_UNINITIALIZED_AUTOS = YES_AGGRESSIVE;
				GCC_WARN_UNUSED_FUNCTION = YES;
				GCC_WARN_UNUSED_VARIABLE = YES;
				IPHONEOS_DEPLOYMENT_TARGET = 17.5;
				LOCALIZATION_PREFERS_STRING_CATALOGS = YES;
				MTL_ENABLE_DEBUG_INFO = INCLUDE_SOURCE;
				MTL_FAST_MATH = YES;
				ONLY_ACTIVE_ARCH = YES;
				SDKROOT = iphoneos;
				SWIFT_ACTIVE_COMPILATION_CONDITIONS = "DEBUG $(inherited)";
				SWIFT_OPTIMIZATION_LEVEL = "-Onone";
			};
			name = Debug;
		};
		4B9AEA9E2CF384EF00EB452F /* Release */ = {
			isa = XCBuildConfiguration;
			buildSettings = {
				ALWAYS_SEARCH_USER_PATHS = NO;
				ASSETCATALOG_COMPILER_GENERATE_SWIFT_ASSET_SYMBOL_EXTENSIONS = YES;
				CLANG_ANALYZER_NONNULL = YES;
				CLANG_ANALYZER_NUMBER_OBJECT_CONVERSION = YES_AGGRESSIVE;
				CLANG_CXX_LANGUAGE_STANDARD = "gnu++20";
				CLANG_ENABLE_MODULES = YES;
				CLANG_ENABLE_OBJC_ARC = YES;
				CLANG_ENABLE_OBJC_WEAK = YES;
				CLANG_WARN_BLOCK_CAPTURE_AUTORELEASING = YES;
				CLANG_WARN_BOOL_CONVERSION = YES;
				CLANG_WARN_COMMA = YES;
				CLANG_WARN_CONSTANT_CONVERSION = YES;
				CLANG_WARN_DEPRECATED_OBJC_IMPLEMENTATIONS = YES;
				CLANG_WARN_DIRECT_OBJC_ISA_USAGE = YES_ERROR;
				CLANG_WARN_DOCUMENTATION_COMMENTS = YES;
				CLANG_WARN_EMPTY_BODY = YES;
				CLANG_WARN_ENUM_CONVERSION = YES;
				CLANG_WARN_INFINITE_RECURSION = YES;
				CLANG_WARN_INT_CONVERSION = YES;
				CLANG_WARN_NON_LITERAL_NULL_CONVERSION = YES;
				CLANG_WARN_OBJC_IMPLICIT_RETAIN_SELF = YES;
				CLANG_WARN_OBJC_LITERAL_CONVERSION = YES;
				CLANG_WARN_OBJC_ROOT_CLASS = YES_ERROR;
				CLANG_WARN_QUOTED_INCLUDE_IN_FRAMEWORK_HEADER = YES;
				CLANG_WARN_RANGE_LOOP_ANALYSIS = YES;
				CLANG_WARN_STRICT_PROTOTYPES = YES;
				CLANG_WARN_SUSPICIOUS_MOVE = YES;
				CLANG_WARN_UNGUARDED_AVAILABILITY = YES_AGGRESSIVE;
				CLANG_WARN_UNREACHABLE_CODE = YES;
				CLANG_WARN__DUPLICATE_METHOD_MATCH = YES;
				COPY_PHASE_STRIP = NO;
				DEBUG_INFORMATION_FORMAT = "dwarf-with-dsym";
				ENABLE_NS_ASSERTIONS = NO;
				ENABLE_STRICT_OBJC_MSGSEND = YES;
				ENABLE_USER_SCRIPT_SANDBOXING = YES;
				GCC_C_LANGUAGE_STANDARD = gnu17;
				GCC_NO_COMMON_BLOCKS = YES;
				GCC_WARN_64_TO_32_BIT_CONVERSION = YES;
				GCC_WARN_ABOUT_RETURN_TYPE = YES_ERROR;
				GCC_WARN_UNDECLARED_SELECTOR = YES;
				GCC_WARN_UNINITIALIZED_AUTOS = YES_AGGRESSIVE;
				GCC_WARN_UNUSED_FUNCTION = YES;
				GCC_WARN_UNUSED_VARIABLE = YES;
				IPHONEOS_DEPLOYMENT_TARGET = 17.5;
				LOCALIZATION_PREFERS_STRING_CATALOGS = YES;
				MTL_ENABLE_DEBUG_INFO = NO;
				MTL_FAST_MATH = YES;
				SDKROOT = iphoneos;
				SWIFT_COMPILATION_MODE = wholemodule;
				VALIDATE_PRODUCT = YES;
			};
			name = Release;
		};
		4B9AEAA02CF384EF00EB452F /* Debug */ = {
			isa = XCBuildConfiguration;
			buildSettings = {
				ASSETCATALOG_COMPILER_APPICON_NAME = AppIcon;
				ASSETCATALOG_COMPILER_GLOBAL_ACCENT_COLOR_NAME = AccentColor;
				CODE_SIGN_STYLE = Automatic;
				CURRENT_PROJECT_VERSION = 1;
				DEVELOPMENT_ASSET_PATHS = "\"SimpleTip/Preview Content\"";
				DEVELOPMENT_TEAM = GKG4FZ867D;
				ENABLE_PREVIEWS = YES;
				GENERATE_INFOPLIST_FILE = YES;
				INFOPLIST_KEY_UIApplicationSceneManifest_Generation = YES;
				INFOPLIST_KEY_UIApplicationSupportsIndirectInputEvents = YES;
				INFOPLIST_KEY_UILaunchScreen_Generation = YES;
				INFOPLIST_KEY_UISupportedInterfaceOrientations_iPad = "UIInterfaceOrientationPortrait UIInterfaceOrientationPortraitUpsideDown UIInterfaceOrientationLandscapeLeft UIInterfaceOrientationLandscapeRight";
				INFOPLIST_KEY_UISupportedInterfaceOrientations_iPhone = "UIInterfaceOrientationPortrait UIInterfaceOrientationLandscapeLeft UIInterfaceOrientationLandscapeRight";
				LD_RUNPATH_SEARCH_PATHS = (
					"$(inherited)",
					"@executable_path/Frameworks",
				);
				MARKETING_VERSION = 1.0;
				PRODUCT_BUNDLE_IDENTIFIER = com.nelsontech.SimpleTip;
				PRODUCT_NAME = "$(TARGET_NAME)";
				SWIFT_EMIT_LOC_STRINGS = YES;
				SWIFT_VERSION = 5.0;
				TARGETED_DEVICE_FAMILY = "1,2";
			};
			name = Debug;
		};
		4B9AEAA12CF384EF00EB452F /* Release */ = {
			isa = XCBuildConfiguration;
			buildSettings = {
				ASSETCATALOG_COMPILER_APPICON_NAME = AppIcon;
				ASSETCATALOG_COMPILER_GLOBAL_ACCENT_COLOR_NAME = AccentColor;
				CODE_SIGN_STYLE = Automatic;
				CURRENT_PROJECT_VERSION = 1;
				DEVELOPMENT_ASSET_PATHS = "\"SimpleTip/Preview Content\"";
				DEVELOPMENT_TEAM = GKG4FZ867D;
				ENABLE_PREVIEWS = YES;
				GENERATE_INFOPLIST_FILE = YES;
				INFOPLIST_KEY_UIApplicationSceneManifest_Generation = YES;
				INFOPLIST_KEY_UIApplicationSupportsIndirectInputEvents = YES;
				INFOPLIST_KEY_UILaunchScreen_Generation = YES;
				INFOPLIST_KEY_UISupportedInterfaceOrientations_iPad = "UIInterfaceOrientationPortrait UIInterfaceOrientationPortraitUpsideDown UIInterfaceOrientationLandscapeLeft UIInterfaceOrientationLandscapeRight";
				INFOPLIST_KEY_UISupportedInterfaceOrientations_iPhone = "UIInterfaceOrientationPortrait UIInterfaceOrientationLandscapeLeft UIInterfaceOrientationLandscapeRight";
				LD_RUNPATH_SEARCH_PATHS = (
					"$(inherited)",
					"@executable_path/Frameworks",
				);
				MARKETING_VERSION = 1.0;
				PRODUCT_BUNDLE_IDENTIFIER = com.nelsontech.SimpleTip;
				PRODUCT_NAME = "$(TARGET_NAME)";
				SWIFT_EMIT_LOC_STRINGS = YES;
				SWIFT_VERSION = 5.0;
				TARGETED_DEVICE_FAMILY = "1,2";
			};
			name = Release;
		};
		4B9AEAA32CF384EF00EB452F /* Debug */ = {
			isa = XCBuildConfiguration;
			buildSettings = {
				ALWAYS_EMBED_SWIFT_STANDARD_LIBRARIES = YES;
				BUNDLE_LOADER = "$(TEST_HOST)";
				CODE_SIGN_STYLE = Automatic;
				CURRENT_PROJECT_VERSION = 1;
				DEVELOPMENT_TEAM = GKG4FZ867D;
				GENERATE_INFOPLIST_FILE = YES;
				IPHONEOS_DEPLOYMENT_TARGET = 17.5;
				MARKETING_VERSION = 1.0;
				PRODUCT_BUNDLE_IDENTIFIER = com.nelsontech.SimpleTipTests;
				PRODUCT_NAME = "$(TARGET_NAME)";
				SWIFT_EMIT_LOC_STRINGS = NO;
				SWIFT_VERSION = 5.0;
				TARGETED_DEVICE_FAMILY = "1,2";
				TEST_HOST = "$(BUILT_PRODUCTS_DIR)/SimpleTip.app/$(BUNDLE_EXECUTABLE_FOLDER_PATH)/SimpleTip";
			};
			name = Debug;
		};
		4B9AEAA42CF384EF00EB452F /* Release */ = {
			isa = XCBuildConfiguration;
			buildSettings = {
				ALWAYS_EMBED_SWIFT_STANDARD_LIBRARIES = YES;
				BUNDLE_LOADER = "$(TEST_HOST)";
				CODE_SIGN_STYLE = Automatic;
				CURRENT_PROJECT_VERSION = 1;
				DEVELOPMENT_TEAM = GKG4FZ867D;
				GENERATE_INFOPLIST_FILE = YES;
				IPHONEOS_DEPLOYMENT_TARGET = 17.5;
				MARKETING_VERSION = 1.0;
				PRODUCT_BUNDLE_IDENTIFIER = com.nelsontech.SimpleTipTests;
				PRODUCT_NAME = "$(TARGET_NAME)";
				SWIFT_EMIT_LOC_STRINGS = NO;
				SWIFT_VERSION = 5.0;
				TARGETED_DEVICE_FAMILY = "1,2";
				TEST_HOST = "$(BUILT_PRODUCTS_DIR)/SimpleTip.app/$(BUNDLE_EXECUTABLE_FOLDER_PATH)/SimpleTip";
			};
			name = Release;
		};
		4B9AEAA62CF384EF00EB452F /* Debug */ = {
			isa = XCBuildConfiguration;
			buildSettings = {
				ALWAYS_EMBED_SWIFT_STANDARD_LIBRARIES = YES;
				CODE_SIGN_STYLE = Automatic;
				CURRENT_PROJECT_VERSION = 1;
				DEVELOPMENT_TEAM = GKG4FZ867D;
				GENERATE_INFOPLIST_FILE = YES;
				MARKETING_VERSION = 1.0;
				PRODUCT_BUNDLE_IDENTIFIER = com.nelsontech.SimpleTipUITests;
				PRODUCT_NAME = "$(TARGET_NAME)";
				SWIFT_EMIT_LOC_STRINGS = NO;
				SWIFT_VERSION = 5.0;
				TARGETED_DEVICE_FAMILY = "1,2";
				TEST_TARGET_NAME = SimpleTip;
			};
			name = Debug;
		};
		4B9AEAA72CF384EF00EB452F /* Release */ = {
			isa = XCBuildConfiguration;
			buildSettings = {
				ALWAYS_EMBED_SWIFT_STANDARD_LIBRARIES = YES;
				CODE_SIGN_STYLE = Automatic;
				CURRENT_PROJECT_VERSION = 1;
				DEVELOPMENT_TEAM = GKG4FZ867D;
				GENERATE_INFOPLIST_FILE = YES;
				MARKETING_VERSION = 1.0;
				PRODUCT_BUNDLE_IDENTIFIER = com.nelsontech.SimpleTipUITests;
				PRODUCT_NAME = "$(TARGET_NAME)";
				SWIFT_EMIT_LOC_STRINGS = NO;
				SWIFT_VERSION = 5.0;
				TARGETED_DEVICE_FAMILY = "1,2";
				TEST_TARGET_NAME = SimpleTip;
			};
			name = Release;
		};
/* End XCBuildConfiguration section */

/* Begin XCConfigurationList section */
		4B9AEA762CF384ED00EB452F /* Build configuration list for PBXProject "SimpleTip" */ = {
			isa = XCConfigurationList;
			buildConfigurations = (
				4B9AEA9D2CF384EF00EB452F /* Debug */,
				4B9AEA9E2CF384EF00EB452F /* Release */,
			);
			defaultConfigurationIsVisible = 0;
			defaultConfigurationName = Release;
		};
		4B9AEA9F2CF384EF00EB452F /* Build configuration list for PBXNativeTarget "SimpleTip" */ = {
			isa = XCConfigurationList;
			buildConfigurations = (
				4B9AEAA02CF384EF00EB452F /* Debug */,
				4B9AEAA12CF384EF00EB452F /* Release */,
			);
			defaultConfigurationIsVisible = 0;
			defaultConfigurationName = Release;
		};
		4B9AEAA22CF384EF00EB452F /* Build configuration list for PBXNativeTarget "SimpleTipTests" */ = {
			isa = XCConfigurationList;
			buildConfigurations = (
				4B9AEAA32CF384EF00EB452F /* Debug */,
				4B9AEAA42CF384EF00EB452F /* Release */,
			);
			defaultConfigurationIsVisible = 0;
			defaultConfigurationName = Release;
		};
		4B9AEAA52CF384EF00EB452F /* Build configuration list for PBXNativeTarget "SimpleTipUITests" */ = {
			isa = XCConfigurationList;
			buildConfigurations = (
				4B9AEAA62CF384EF00EB452F /* Debug */,
				4B9AEAA72CF384EF00EB452F /* Release */,
			);
			defaultConfigurationIsVisible = 0;
			defaultConfigurationName = Release;
		};
/* End XCConfigurationList section */
	};
	rootObject = 4B9AEA732CF384ED00EB452F /* Project object */;
}
